{
  "name": "query",
  "version": "0.6.0",
  "lockfileVersion": 1,
  "requires": true,
  "dependencies": {
    "backbone": {
      "version": "1.4.0",
      "resolved": "https://registry.npmjs.org/backbone/-/backbone-1.4.0.tgz",
      "integrity": "sha512-RLmDrRXkVdouTg38jcgHhyQ/2zjg7a8E6sz2zxfz21Hh17xDJYUHBZimVIt5fUyS8vbfpeSmTL3gUjTEvUV3qQ==",
      "dev": true,
      "requires": {
        "underscore": ">=1.8.3"
      }
    },
    "coffee-script": {
      "version": "1.9.1",
      "resolved": "https://registry.npmjs.org/coffee-script/-/coffee-script-1.9.1.tgz",
      "integrity": "sha1-xFjQIgD0YNBkp5y2qx7m4snKHDE=",
      "dev": true
    },
    "lodash": {
      "version": "4.17.21",
      "resolved": "https://registry.npmjs.org/lodash/-/lodash-4.17.21.tgz",
      "integrity": "sha512-v2kDEe57lecTulaDIuNTPy3Ry4gLGJ6Z1O3vE1krgXZNrsQ+LFTGHVxVjcXPs17LhbZVGedAJv8XZ1tvj5FvSg=="
    },
    "underscore": {
      "version": "1.9.1",
      "resolved": "https://registry.npmjs.org/underscore/-/underscore-1.9.1.tgz",
      "integrity": "sha512-5/4etnCkd9c8gwgowi5/om/mYO5ajCaOgdzj/oW+0eQV9WxKBDZw5+ycmKmeaTXjInS/W0BzpGLo2xR2aBwZdg==",
      "dev": true
    }
  }
}
