{
  "name": "query",
  "version": "0.7.1",
  "lockfileVersion": 2,
  "requires": true,
  "packages": {
    "": {
      "name": "query",
      "version": "0.7.1",
      "license": "MITNFA",
      "dependencies": {
        "lodash": "^4.17.15"
      },
      "devDependencies": {
        "backbone": "^1.4.0",
        "coffee-script": "^1.9.1"
      }
    },
    "node_modules/backbone": {
      "version": "1.4.0",
      "resolved": "https://registry.npmjs.org/backbone/-/backbone-1.4.0.tgz",
      "integrity": "sha512-RLmDrRXkVdouTg38jcgHhyQ/2zjg7a8E6sz2zxfz21Hh17xDJYUHBZimVIt5fUyS8vbfpeSmTL3gUjTEvUV3qQ==",
      "dev": true,
      "dependencies": {
        "underscore": ">=1.8.3"
      }
    },
    "node_modules/coffee-script": {
      "version": "1.9.1",
      "resolved": "https://registry.npmjs.org/coffee-script/-/coffee-script-1.9.1.tgz",
      "integrity": "sha1-xFjQIgD0YNBkp5y2qx7m4snKHDE=",
      "deprecated": "CoffeeScript on NPM has moved to \"coffeescript\" (no hyphen)",
      "dev": true,
      "bin": {
        "cake": "bin/cake",
        "coffee": "bin/coffee"
      },
      "engines": {
        "node": ">=0.8.0"
      }
    },
    "node_modules/lodash": {
      "version": "4.17.15",
      "resolved": "https://registry.npmjs.org/lodash/-/lodash-4.17.15.tgz",
      "integrity": "sha512-8xOcRHvCjnocdS5cpwXQXVzmmh5e5+saE2QGoeQmbKmRS6J3VQppPOIt0MnmE+4xlZoumy0GPG0D0MVIQbNA1A=="
    },
    "node_modules/underscore": {
      "version": "1.9.1",
      "resolved": "https://registry.npmjs.org/underscore/-/underscore-1.9.1.tgz",
      "integrity": "sha512-5/4etnCkd9c8gwgowi5/om/mYO5ajCaOgdzj/oW+0eQV9WxKBDZw5+ycmKmeaTXjInS/W0BzpGLo2xR2aBwZdg==",
      "dev": true
    }
  },
  "dependencies": {
    "backbone": {
      "version": "1.4.0",
      "resolved": "https://registry.npmjs.org/backbone/-/backbone-1.4.0.tgz",
      "integrity": "sha512-RLmDrRXkVdouTg38jcgHhyQ/2zjg7a8E6sz2zxfz21Hh17xDJYUHBZimVIt5fUyS8vbfpeSmTL3gUjTEvUV3qQ==",
      "dev": true,
      "requires": {
        "underscore": ">=1.8.3"
      }
    },
    "coffee-script": {
      "version": "1.9.1",
      "resolved": "https://registry.npmjs.org/coffee-script/-/coffee-script-1.9.1.tgz",
      "integrity": "sha1-xFjQIgD0YNBkp5y2qx7m4snKHDE=",
      "dev": true
    },
    "lodash": {
      "version": "4.17.15",
      "resolved": "https://registry.npmjs.org/lodash/-/lodash-4.17.15.tgz",
      "integrity": "sha512-8xOcRHvCjnocdS5cpwXQXVzmmh5e5+saE2QGoeQmbKmRS6J3VQppPOIt0MnmE+4xlZoumy0GPG0D0MVIQbNA1A=="
    },
    "underscore": {
      "version": "1.9.1",
      "resolved": "https://registry.npmjs.org/underscore/-/underscore-1.9.1.tgz",
      "integrity": "sha512-5/4etnCkd9c8gwgowi5/om/mYO5ajCaOgdzj/oW+0eQV9WxKBDZw5+ycmKmeaTXjInS/W0BzpGLo2xR2aBwZdg==",
      "dev": true
    }
  }
}
